
Microsoft Visual Studio Solution File, Format Version 12.00
# Visual Studio Version 17
VisualStudioVersion = 17.8.34330.188
MinimumVisualStudioVersion = 10.0.40219.1
Project("{FAE04EC0-301F-11D3-BF4B-00C04F79EFBC}") = "C#_Cumulative_Part_1", "C#_Cumulative_Part_1\C#_Cumulative_Part_1.csproj", "{86D9A927-C354-4274-B44B-4B6143FCD134}"
EndProject
Global
	GlobalSection(SolutionConfigurationPlatforms) = preSolution
		Debug|Any CPU = Debug|Any CPU
		Release|Any CPU = Release|Any CPU
	EndGlobalSection
	GlobalSection(ProjectConfigurationPlatforms) = postSolution
		{86D9A927-C354-4274-B44B-4B6143FCD134}.Debug|Any CPU.ActiveCfg = Debug|Any CPU
		{86D9A927-C354-4274-B44B-4B6143FCD134}.Debug|Any CPU.Build.0 = Debug|Any CPU
		{86D9A927-C354-4274-B44B-4B6143FCD134}.Release|Any CPU.ActiveCfg = Release|Any CPU
		{86D9A927-C354-4274-B44B-4B6143FCD134}.Release|Any CPU.Build.0 = Release|Any CPU
	EndGlobalSection
	GlobalSection(SolutionProperties) = preSolution
		HideSolutionNode = FALSE
	EndGlobalSection
	GlobalSection(ExtensibilityGlobals) = postSolution
		SolutionGuid = {7BCFD83B-CAD9-4930-A013-A7FF774BCFDC}
	EndGlobalSection
EndGlobal
